
Microsoft Visual Studio Solution File, Format Version 12.00
# Visual Studio Version 17
VisualStudioVersion = 17.8.34601.278
MinimumVisualStudioVersion = 10.0.40219.1
Project("{FAE04EC0-301F-11D3-BF4B-00C04F79EFBC}") = "VlcMemoryTest", "VlcMemoryTest\VlcMemoryTest.csproj", "{1ADE1416-4174-4BDC-9D75-03F707D0EA39}"
EndProject
Global
	GlobalSection(SolutionConfigurationPlatforms) = preSolution
		Debug|Any CPU = Debug|Any CPU
		Release|Any CPU = Release|Any CPU
	EndGlobalSection
	GlobalSection(ProjectConfigurationPlatforms) = postSolution
		{1ADE1416-4174-4BDC-9D75-03F707D0EA39}.Debug|Any CPU.ActiveCfg = Debug|Any CPU
		{1ADE1416-4174-4BDC-9D75-03F707D0EA39}.Debug|Any CPU.Build.0 = Debug|Any CPU
		{1ADE1416-4174-4BDC-9D75-03F707D0EA39}.Release|Any CPU.ActiveCfg = Release|Any CPU
		{1ADE1416-4174-4BDC-9D75-03F707D0EA39}.Release|Any CPU.Build.0 = Release|Any CPU
	EndGlobalSection
	GlobalSection(SolutionProperties) = preSolution
		HideSolutionNode = FALSE
	EndGlobalSection
	GlobalSection(ExtensibilityGlobals) = postSolution
		SolutionGuid = {91F10F32-C7CC-44A5-AEC7-6C9550F3BABF}
	EndGlobalSection
EndGlobal
